
Microsoft Visual Studio Solution File, Format Version 12.00
# Visual Studio Version 16
VisualStudioVersion = 16.0.29509.3
MinimumVisualStudioVersion = 10.0.40219.1
Project("{2150E333-8FDC-42A3-9474-1A3956D46DE8}") = "Solution Items", "Solution Items", "{774FCE4C-6576-443D-9F88-EB22FF8BEF48}"
	ProjectSection(SolutionItems) = preProject
		.editorconfig = .editorconfig
		.gitignore = .gitignore
		.github\workflows\cd.yml = .github\workflows\cd.yml
		CHANGELOG.md = CHANGELOG.md
		.github\workflows\ci.yml = .github\workflows\ci.yml
		.github\dependabot.yml = .github\dependabot.yml
		Directory.Build.props = Directory.Build.props
		.config\dotnet-tools.json = .config\dotnet-tools.json
		README.md = README.md
		Directory.Packages.props = Directory.Packages.props
	EndProjectSection
EndProject
Project("{2150E333-8FDC-42A3-9474-1A3956D46DE8}") = "src", "src", "{EDF85910-C485-4BC2-A88E-465FF986D82A}"
	ProjectSection(SolutionItems) = preProject
		src\Directory.Build.props = src\Directory.Build.props
	EndProjectSection
EndProject
Project("{9A19103F-16F7-4668-BE54-9A1E7A4F7556}") = "GSS.DependencyInjection.Mvc", "src\GSS.DependencyInjection.Mvc\GSS.DependencyInjection.Mvc.csproj", "{2D6E8744-6E84-4432-BA37-658CEF101443}"
EndProject
Project("{9A19103F-16F7-4668-BE54-9A1E7A4F7556}") = "GSS.DependencyInjection.WebApi", "src\GSS.DependencyInjection.WebApi\GSS.DependencyInjection.WebApi.csproj", "{D6FA9962-7F38-4EFC-9B73-84AC7DE7B852}"
EndProject
Project("{2150E333-8FDC-42A3-9474-1A3956D46DE8}") = "test", "test", "{B2233F68-C54A-4596-AFE1-B5EFCBBD527A}"
EndProject
Project("{9A19103F-16F7-4668-BE54-9A1E7A4F7556}") = "GSS.DependencyInjection.Tests", "test\GSS.DependencyInjection.Tests\GSS.DependencyInjection.Tests.csproj", "{3E982860-F81A-4961-834F-17A1A5A79083}"
EndProject
Global
	GlobalSection(SolutionConfigurationPlatforms) = preSolution
		Debug|Any CPU = Debug|Any CPU
		Release|Any CPU = Release|Any CPU
	EndGlobalSection
	GlobalSection(ProjectConfigurationPlatforms) = postSolution
		{2D6E8744-6E84-4432-BA37-658CEF101443}.Debug|Any CPU.ActiveCfg = Debug|Any CPU
		{2D6E8744-6E84-4432-BA37-658CEF101443}.Debug|Any CPU.Build.0 = Debug|Any CPU
		{2D6E8744-6E84-4432-BA37-658CEF101443}.Release|Any CPU.ActiveCfg = Release|Any CPU
		{2D6E8744-6E84-4432-BA37-658CEF101443}.Release|Any CPU.Build.0 = Release|Any CPU
		{D6FA9962-7F38-4EFC-9B73-84AC7DE7B852}.Debug|Any CPU.ActiveCfg = Debug|Any CPU
		{D6FA9962-7F38-4EFC-9B73-84AC7DE7B852}.Debug|Any CPU.Build.0 = Debug|Any CPU
		{D6FA9962-7F38-4EFC-9B73-84AC7DE7B852}.Release|Any CPU.ActiveCfg = Release|Any CPU
		{D6FA9962-7F38-4EFC-9B73-84AC7DE7B852}.Release|Any CPU.Build.0 = Release|Any CPU
		{3E982860-F81A-4961-834F-17A1A5A79083}.Debug|Any CPU.ActiveCfg = Debug|Any CPU
		{3E982860-F81A-4961-834F-17A1A5A79083}.Debug|Any CPU.Build.0 = Debug|Any CPU
		{3E982860-F81A-4961-834F-17A1A5A79083}.Release|Any CPU.ActiveCfg = Release|Any CPU
		{3E982860-F81A-4961-834F-17A1A5A79083}.Release|Any CPU.Build.0 = Release|Any CPU
	EndGlobalSection
	GlobalSection(SolutionProperties) = preSolution
		HideSolutionNode = FALSE
	EndGlobalSection
	GlobalSection(NestedProjects) = preSolution
		{2D6E8744-6E84-4432-BA37-658CEF101443} = {EDF85910-C485-4BC2-A88E-465FF986D82A}
		{D6FA9962-7F38-4EFC-9B73-84AC7DE7B852} = {EDF85910-C485-4BC2-A88E-465FF986D82A}
		{3E982860-F81A-4961-834F-17A1A5A79083} = {B2233F68-C54A-4596-AFE1-B5EFCBBD527A}
	EndGlobalSection
	GlobalSection(ExtensibilityGlobals) = postSolution
		SolutionGuid = {87924F21-B163-4DFB-B1D4-E260D0E44FFD}
	EndGlobalSection
EndGlobal
